{
  "version": 4,
  "terraform_version": "1.3.6",
  "serial": 144,
  "lineage": "c200199a-7ff6-51f5-7659-b13ea3ca1e96",
  "outputs": {},
  "resources": [
    {
      "mode": "managed",
      "type": "aws_autoscaling_attachment",
      "name": "asg_attachment",
      "provider": "provider[\"registry.terraform.io/hashicorp/aws\"]",
      "instances": []
    },
    {
      "mode": "managed",
      "type": "aws_autoscaling_group",
      "name": "my_asg",
      "provider": "provider[\"registry.terraform.io/hashicorp/aws\"]",
      "instances": []
    },
    {
      "mode": "managed",
      "type": "aws_key_pair",
      "name": "as_lb_key_pair",
      "provider": "provider[\"registry.terraform.io/hashicorp/aws\"]",
      "instances": [
        {
          "schema_version": 1,
          "attributes": {
            "arn": "arn:aws:ec2:ap-south-1:509996147303:key-pair/default",
            "fingerprint": "25:9a:33:2b:3c:07:d0:cf:f2:d8:44:6d:d9:b8:86:68",
            "id": "default",
            "key_name": "default",
            "key_name_prefix": "",
            "key_pair_id": "key-09acaa1efd682e759",
            "key_type": "rsa",
            "public_key": "ssh-rsa AAAAB3NzaC1yc2EAAAADAQABAAABgQCvObzkru9p4sUWtjBCTYdC0TlJWN0a8nFTcTExiJIf83OfdraNc8r6BHmObLu8dpGo4AaCaP1/EkSbEMJslgDu05NEGuBeX9QDtXMQnbms8SbC/BXbLIHUuu7XDfujfkVGRCQrQVLVZYo3edAc3uMDh0J8uvZTCJ0ZsIqrRakSbYmRTtB3yYH++fkCefi7n74iYEaWF334YXVCxjB1bS2DCvABg0uAdHxQTO6vVNrEjiIygLRDuCRBDd75R0t7TTsKPoYnT4dGCIDLeNZRgguLNC8llaCFrEILGy62TP3N5Q8pV027/J11i8ea77FWFug6DQ/vhsAV9hqleoOlUvboSQIvfVISWZir95hFYHl798K3o+3nsOg3oenFnRvxcRvP2TiQOERi+apDgSFZCVbnDxv+FRg0T3c1L9mEfAIKKo01XHSjdPD17OFTQkRXi6ZmTyD9lJHJ3BQ4qw5TiDNpzj6KUCw93ypptbEcn2Ix1ixQJIEJxtAKA9PYXx7un6E= akash@BHUPESH-06",
            "tags": {},
            "tags_all": {}
          },
          "sensitive_attributes": [],
          "private": "eyJzY2hlbWFfdmVyc2lvbiI6IjEifQ=="
        }
      ]
    },
    {
      "mode": "managed",
      "type": "aws_lb_listener",
      "name": "web_alb_forward_listener",
      "provider": "provider[\"registry.terraform.io/hashicorp/aws\"]",
      "instances": []
    },
    {
      "mode": "managed",
      "type": "aws_lb_target_group",
      "name": "my_tg",
      "provider": "provider[\"registry.terraform.io/hashicorp/aws\"]",
      "instances": [
        {
          "schema_version": 0,
          "attributes": {
            "arn": "arn:aws:elasticloadbalancing:ap-south-1:509996147303:targetgroup/demo-tg/b947dd1dbcd5727b",
            "arn_suffix": "targetgroup/demo-tg/b947dd1dbcd5727b",
            "connection_termination": false,
            "deregistration_delay": "300",
            "health_check": [
              {
                "enabled": true,
                "healthy_threshold": 5,
                "interval": 30,
                "matcher": "200",
                "path": "/",
                "port": "traffic-port",
                "protocol": "HTTP",
                "timeout": 5,
                "unhealthy_threshold": 2
              }
            ],
            "id": "arn:aws:elasticloadbalancing:ap-south-1:509996147303:targetgroup/demo-tg/b947dd1dbcd5727b",
            "ip_address_type": null,
            "lambda_multi_value_headers_enabled": false,
            "load_balancing_algorithm_type": "round_robin",
            "name": "demo-tg",
            "name_prefix": null,
            "port": 80,
            "preserve_client_ip": null,
            "protocol": "HTTP",
            "protocol_version": "HTTP1",
            "proxy_protocol_v2": false,
            "slow_start": 0,
            "stickiness": [
              {
                "cookie_duration": 86400,
                "cookie_name": "",
                "enabled": false,
                "type": "lb_cookie"
              }
            ],
            "tags": null,
            "tags_all": {},
            "target_type": "instance",
            "vpc_id": "vpc-0e7811197fad9f75d"
          },
          "sensitive_attributes": [],
          "private": "bnVsbA=="
        }
      ]
    }
  ],
  "check_results": null
}
